
Microsoft Visual Studio Solution File, Format Version 12.00
# Visual Studio Version 17
VisualStudioVersion = 17.3.32929.385
MinimumVisualStudioVersion = 10.0.40219.1
Project("{FAE04EC0-301F-11D3-BF4B-00C04F79EFBC}") = "Sidekick.Training.WebApi", "src\Sidekick.Training.WebApi\Sidekick.Training.WebApi.csproj", "{71E03A31-BB56-4659-821A-B324A0CAE0EF}"
EndProject
Project("{FAE04EC0-301F-11D3-BF4B-00C04F79EFBC}") = "Sidekick.Training.Services", "src\Leon.Sidekicks.Services\Sidekick.Training.Services.csproj", "{93ED16A0-96A5-402B-AD62-197D3D11F374}"
EndProject
Project("{FAE04EC0-301F-11D3-BF4B-00C04F79EFBC}") = "Sidekick.Training.Model", "Sidekick.Training.Model\Sidekick.Training.Model.csproj", "{6114B42C-EA36-4C81-A7F9-31CAF41862FF}"
EndProject
Global
	GlobalSection(SolutionConfigurationPlatforms) = preSolution
		Debug|Any CPU = Debug|Any CPU
		Release|Any CPU = Release|Any CPU
	EndGlobalSection
	GlobalSection(ProjectConfigurationPlatforms) = postSolution
		{71E03A31-BB56-4659-821A-B324A0CAE0EF}.Debug|Any CPU.ActiveCfg = Debug|Any CPU
		{71E03A31-BB56-4659-821A-B324A0CAE0EF}.Debug|Any CPU.Build.0 = Debug|Any CPU
		{71E03A31-BB56-4659-821A-B324A0CAE0EF}.Release|Any CPU.ActiveCfg = Release|Any CPU
		{71E03A31-BB56-4659-821A-B324A0CAE0EF}.Release|Any CPU.Build.0 = Release|Any CPU
		{93ED16A0-96A5-402B-AD62-197D3D11F374}.Debug|Any CPU.ActiveCfg = Debug|Any CPU
		{93ED16A0-96A5-402B-AD62-197D3D11F374}.Debug|Any CPU.Build.0 = Debug|Any CPU
		{93ED16A0-96A5-402B-AD62-197D3D11F374}.Release|Any CPU.ActiveCfg = Release|Any CPU
		{93ED16A0-96A5-402B-AD62-197D3D11F374}.Release|Any CPU.Build.0 = Release|Any CPU
		{6114B42C-EA36-4C81-A7F9-31CAF41862FF}.Debug|Any CPU.ActiveCfg = Debug|Any CPU
		{6114B42C-EA36-4C81-A7F9-31CAF41862FF}.Debug|Any CPU.Build.0 = Debug|Any CPU
		{6114B42C-EA36-4C81-A7F9-31CAF41862FF}.Release|Any CPU.ActiveCfg = Release|Any CPU
		{6114B42C-EA36-4C81-A7F9-31CAF41862FF}.Release|Any CPU.Build.0 = Release|Any CPU
	EndGlobalSection
	GlobalSection(SolutionProperties) = preSolution
		HideSolutionNode = FALSE
	EndGlobalSection
	GlobalSection(ExtensibilityGlobals) = postSolution
		SolutionGuid = {1D9A48FD-FF9C-4F64-A442-C65C5D7E691E}
	EndGlobalSection
EndGlobal
