
Microsoft Visual Studio Solution File, Format Version 12.00
# Visual Studio Version 17
VisualStudioVersion = 17.3.32929.385
MinimumVisualStudioVersion = 10.0.40219.1
Project("{9A19103F-16F7-4668-BE54-9A1E7A4F7556}") = "Sidekick.Training.WebApi", "src\Sidekick.Training.WebApi\Sidekick.Training.WebApi.csproj", "{71E03A31-BB56-4659-821A-B324A0CAE0EF}"
EndProject
Project("{9A19103F-16F7-4668-BE54-9A1E7A4F7556}") = "Sidekick.Training.Services", "src\Leon.Sidekicks.Services\Sidekick.Training.Services.csproj", "{93ED16A0-96A5-402B-AD62-197D3D11F374}"
EndProject
Project("{9A19103F-16F7-4668-BE54-9A1E7A4F7556}") = "Sidekick.Training.Model", "src\Sidekick.Training.Model\Sidekick.Training.Model.csproj", "{6114B42C-EA36-4C81-A7F9-31CAF41862FF}"
EndProject
Project("{9A19103F-16F7-4668-BE54-9A1E7A4F7556}") = "Sidekick.Training.Providers", "src\Sidekick.Training.Providers\Sidekick.Training.Providers.csproj", "{EBE2E59E-7311-4684-B164-336A3756E36C}"
EndProject
Project("{9A19103F-16F7-4668-BE54-9A1E7A4F7556}") = "Sidekick.Training.Providers.InMemory", "src\Sidekick.Training.Providers.InMemory\Sidekick.Training.Providers.InMemory.csproj", "{DBD16285-5C87-4BF1-887A-84E1B6EE71AC}"
EndProject
Project("{9A19103F-16F7-4668-BE54-9A1E7A4F7556}") = "Sidekick.Training.WebApi.Models", "Sidekick.Training.WebApi.Models\Sidekick.Training.WebApi.Models.csproj", "{50A6E900-3003-4E9C-8B47-D45FED9E1A4F}"
EndProject
Project("{00D1A9C2-B5F0-4AF3-8072-F6C62B433612}") = "Sidekick.Training.SQL", "src\Sidekick.Training.SQL\Sidekick.Training.SQL.sqlproj", "{EDB7A710-1465-4B7E-98C6-A5EFAD2F6B35}"
EndProject
Project("{FAE04EC0-301F-11D3-BF4B-00C04F79EFBC}") = "Sidekick.Training.Providers.Sql", "src\Sidekick.Training.Providers.Sql\Sidekick.Training.Providers.Sql.csproj", "{14789070-FBF7-47CC-B7D4-86F881E79D79}"
EndProject
Global
	GlobalSection(SolutionConfigurationPlatforms) = preSolution
		Debug|Any CPU = Debug|Any CPU
		Release|Any CPU = Release|Any CPU
	EndGlobalSection
	GlobalSection(ProjectConfigurationPlatforms) = postSolution
		{71E03A31-BB56-4659-821A-B324A0CAE0EF}.Debug|Any CPU.ActiveCfg = Debug|Any CPU
		{71E03A31-BB56-4659-821A-B324A0CAE0EF}.Debug|Any CPU.Build.0 = Debug|Any CPU
		{71E03A31-BB56-4659-821A-B324A0CAE0EF}.Release|Any CPU.ActiveCfg = Release|Any CPU
		{71E03A31-BB56-4659-821A-B324A0CAE0EF}.Release|Any CPU.Build.0 = Release|Any CPU
		{93ED16A0-96A5-402B-AD62-197D3D11F374}.Debug|Any CPU.ActiveCfg = Debug|Any CPU
		{93ED16A0-96A5-402B-AD62-197D3D11F374}.Debug|Any CPU.Build.0 = Debug|Any CPU
		{93ED16A0-96A5-402B-AD62-197D3D11F374}.Release|Any CPU.ActiveCfg = Release|Any CPU
		{93ED16A0-96A5-402B-AD62-197D3D11F374}.Release|Any CPU.Build.0 = Release|Any CPU
		{6114B42C-EA36-4C81-A7F9-31CAF41862FF}.Debug|Any CPU.ActiveCfg = Debug|Any CPU
		{6114B42C-EA36-4C81-A7F9-31CAF41862FF}.Debug|Any CPU.Build.0 = Debug|Any CPU
		{6114B42C-EA36-4C81-A7F9-31CAF41862FF}.Release|Any CPU.ActiveCfg = Release|Any CPU
		{6114B42C-EA36-4C81-A7F9-31CAF41862FF}.Release|Any CPU.Build.0 = Release|Any CPU
		{EBE2E59E-7311-4684-B164-336A3756E36C}.Debug|Any CPU.ActiveCfg = Debug|Any CPU
		{EBE2E59E-7311-4684-B164-336A3756E36C}.Debug|Any CPU.Build.0 = Debug|Any CPU
		{EBE2E59E-7311-4684-B164-336A3756E36C}.Release|Any CPU.ActiveCfg = Release|Any CPU
		{EBE2E59E-7311-4684-B164-336A3756E36C}.Release|Any CPU.Build.0 = Release|Any CPU
		{DBD16285-5C87-4BF1-887A-84E1B6EE71AC}.Debug|Any CPU.ActiveCfg = Debug|Any CPU
		{DBD16285-5C87-4BF1-887A-84E1B6EE71AC}.Debug|Any CPU.Build.0 = Debug|Any CPU
		{DBD16285-5C87-4BF1-887A-84E1B6EE71AC}.Release|Any CPU.ActiveCfg = Release|Any CPU
		{DBD16285-5C87-4BF1-887A-84E1B6EE71AC}.Release|Any CPU.Build.0 = Release|Any CPU
		{50A6E900-3003-4E9C-8B47-D45FED9E1A4F}.Debug|Any CPU.ActiveCfg = Debug|Any CPU
		{50A6E900-3003-4E9C-8B47-D45FED9E1A4F}.Debug|Any CPU.Build.0 = Debug|Any CPU
		{50A6E900-3003-4E9C-8B47-D45FED9E1A4F}.Release|Any CPU.ActiveCfg = Release|Any CPU
		{50A6E900-3003-4E9C-8B47-D45FED9E1A4F}.Release|Any CPU.Build.0 = Release|Any CPU
		{EDB7A710-1465-4B7E-98C6-A5EFAD2F6B35}.Debug|Any CPU.ActiveCfg = Debug|Any CPU
		{EDB7A710-1465-4B7E-98C6-A5EFAD2F6B35}.Debug|Any CPU.Build.0 = Debug|Any CPU
		{EDB7A710-1465-4B7E-98C6-A5EFAD2F6B35}.Debug|Any CPU.Deploy.0 = Debug|Any CPU
		{EDB7A710-1465-4B7E-98C6-A5EFAD2F6B35}.Release|Any CPU.ActiveCfg = Release|Any CPU
		{EDB7A710-1465-4B7E-98C6-A5EFAD2F6B35}.Release|Any CPU.Build.0 = Release|Any CPU
		{EDB7A710-1465-4B7E-98C6-A5EFAD2F6B35}.Release|Any CPU.Deploy.0 = Release|Any CPU
		{14789070-FBF7-47CC-B7D4-86F881E79D79}.Debug|Any CPU.ActiveCfg = Debug|Any CPU
		{14789070-FBF7-47CC-B7D4-86F881E79D79}.Debug|Any CPU.Build.0 = Debug|Any CPU
		{14789070-FBF7-47CC-B7D4-86F881E79D79}.Release|Any CPU.ActiveCfg = Release|Any CPU
		{14789070-FBF7-47CC-B7D4-86F881E79D79}.Release|Any CPU.Build.0 = Release|Any CPU
	EndGlobalSection
	GlobalSection(SolutionProperties) = preSolution
		HideSolutionNode = FALSE
	EndGlobalSection
	GlobalSection(ExtensibilityGlobals) = postSolution
		SolutionGuid = {1D9A48FD-FF9C-4F64-A442-C65C5D7E691E}
	EndGlobalSection
EndGlobal
